
Microsoft Visual Studio Solution File, Format Version 12.00
# Visual Studio 2013
VisualStudioVersion = 12.0.31101.0
MinimumVisualStudioVersion = 10.0.40219.1
Project("{FAE04EC0-301F-11D3-BF4B-00C04F79EFBC}") = "MyApplicationLibrary", "MyApplicationLibrary\MyApplicationLibrary.csproj", "{FCE6067A-EEB5-4753-AA44-E0601BB9A7B4}"
	ProjectSection(ProjectDependencies) = postProject
		{56CB879B-CEB9-4616-85CD-60CF57230552} = {56CB879B-CEB9-4616-85CD-60CF57230552}
	EndProjectSection
EndProject
Project("{FAE04EC0-301F-11D3-BF4B-00C04F79EFBC}") = "MyMixinDefinitions", "MyMixinDefinitions\MyMixinDefinitions.csproj", "{3111CCB0-67C0-494D-BD86-3B541A950EF2}"
EndProject
Project("{FAE04EC0-301F-11D3-BF4B-00C04F79EFBC}") = "MyMixinImplementations", "MyMixinImplementations\MyMixinImplementations.csproj", "{56CB879B-CEB9-4616-85CD-60CF57230552}"
EndProject
Project("{FAE04EC0-301F-11D3-BF4B-00C04F79EFBC}") = "MyApplication", "MyApplication\MyApplication.csproj", "{71ADAD51-EF6C-4005-9B11-1E0D9C5B4C11}"
EndProject
Global
	GlobalSection(SolutionConfigurationPlatforms) = preSolution
		Debug|Any CPU = Debug|Any CPU
		Release|Any CPU = Release|Any CPU
	EndGlobalSection
	GlobalSection(ProjectConfigurationPlatforms) = postSolution
		{FCE6067A-EEB5-4753-AA44-E0601BB9A7B4}.Debug|Any CPU.ActiveCfg = Debug|Any CPU
		{FCE6067A-EEB5-4753-AA44-E0601BB9A7B4}.Debug|Any CPU.Build.0 = Debug|Any CPU
		{FCE6067A-EEB5-4753-AA44-E0601BB9A7B4}.Release|Any CPU.ActiveCfg = Release|Any CPU
		{FCE6067A-EEB5-4753-AA44-E0601BB9A7B4}.Release|Any CPU.Build.0 = Release|Any CPU
		{3111CCB0-67C0-494D-BD86-3B541A950EF2}.Debug|Any CPU.ActiveCfg = Debug|Any CPU
		{3111CCB0-67C0-494D-BD86-3B541A950EF2}.Debug|Any CPU.Build.0 = Debug|Any CPU
		{3111CCB0-67C0-494D-BD86-3B541A950EF2}.Release|Any CPU.ActiveCfg = Release|Any CPU
		{3111CCB0-67C0-494D-BD86-3B541A950EF2}.Release|Any CPU.Build.0 = Release|Any CPU
		{56CB879B-CEB9-4616-85CD-60CF57230552}.Debug|Any CPU.ActiveCfg = Debug|Any CPU
		{56CB879B-CEB9-4616-85CD-60CF57230552}.Debug|Any CPU.Build.0 = Debug|Any CPU
		{56CB879B-CEB9-4616-85CD-60CF57230552}.Release|Any CPU.ActiveCfg = Release|Any CPU
		{56CB879B-CEB9-4616-85CD-60CF57230552}.Release|Any CPU.Build.0 = Release|Any CPU
		{71ADAD51-EF6C-4005-9B11-1E0D9C5B4C11}.Debug|Any CPU.ActiveCfg = Debug|Any CPU
		{71ADAD51-EF6C-4005-9B11-1E0D9C5B4C11}.Debug|Any CPU.Build.0 = Debug|Any CPU
		{71ADAD51-EF6C-4005-9B11-1E0D9C5B4C11}.Release|Any CPU.ActiveCfg = Release|Any CPU
		{71ADAD51-EF6C-4005-9B11-1E0D9C5B4C11}.Release|Any CPU.Build.0 = Release|Any CPU
	EndGlobalSection
	GlobalSection(SolutionProperties) = preSolution
		HideSolutionNode = FALSE
	EndGlobalSection
EndGlobal
